Microsoft Visual Studio Solution File, Format Version 11.00
# Visual Studio 2008

Project("{60897FD0-77F9-4963-1027-92C53124378F}") = "BlockWorldv2", "Assembly-CSharp.csproj", "{1E284950-1D77-4C27-7627-5BE50F7CF595}"
EndProject
Global
	GlobalSection(SolutionConfigurationPlatforms) = preSolution
		Debug|Any CPU = Debug|Any CPU
		Release|Any CPU = Release|Any CPU
	EndGlobalSection
	GlobalSection(ProjectConfigurationPlatforms) = postSolution
		{1E284950-1D77-4C27-7627-5BE50F7CF595}.Debug|Any CPU.ActiveCfg = Debug|Any CPU
		{1E284950-1D77-4C27-7627-5BE50F7CF595}.Debug|Any CPU.Build.0 = Debug|Any CPU
		{1E284950-1D77-4C27-7627-5BE50F7CF595}.Release|Any CPU.ActiveCfg = Release|Any CPU
		{1E284950-1D77-4C27-7627-5BE50F7CF595}.Release|Any CPU.Build.0 = Release|Any CPU
	EndGlobalSection
	GlobalSection(SolutionProperties) = preSolution
		HideSolutionNode = FALSE
	EndGlobalSection
																																													GlobalSection(MonoDevelopProperties) = preSolution
		StartupItem = Assembly-CSharp.csproj
		Policies = $0
		$0.TextStylePolicy = $1
		$1.inheritsSet = null
		$1.scope = text/x-csharp
		$0.CSharpFormattingPolicy = $2
		$2.inheritsSet = Mono
		$2.inheritsScope = text/x-csharp
		$2.scope = text/x-csharp
		$0.TextStylePolicy = $3
		$3.FileWidth = 120
		$3.TabWidth = 4
		$3.EolMarker = Unix
		$3.inheritsSet = Mono
		$3.inheritsScope = text/plain
		$3.scope = text/plain
	EndGlobalSection

EndGlobal
